
Microsoft Visual Studio Solution File, Format Version 12.00
# Visual Studio 15
VisualStudioVersion = 15.0.28010.2003
MinimumVisualStudioVersion = 10.0.40219.1
Project("{FAE04EC0-301F-11D3-BF4B-00C04F79EFBC}") = "NumbersToWords", "NumbersToWords\NumbersToWords.csproj", "{C6FD6896-C320-42DC-80D1-D43432BE04C8}"
EndProject
Project("{FAE04EC0-301F-11D3-BF4B-00C04F79EFBC}") = "NumbersToWords.Tests", "NumbersToWords.Tests\NumbersToWords.Tests.csproj", "{D16D8DFD-85AD-4A8C-B762-46074E5B9546}"
EndProject
Global
	GlobalSection(SolutionConfigurationPlatforms) = preSolution
		Debug|Any CPU = Debug|Any CPU
		Release|Any CPU = Release|Any CPU
	EndGlobalSection
	GlobalSection(ProjectConfigurationPlatforms) = postSolution
		{C6FD6896-C320-42DC-80D1-D43432BE04C8}.Debug|Any CPU.ActiveCfg = Debug|Any CPU
		{C6FD6896-C320-42DC-80D1-D43432BE04C8}.Debug|Any CPU.Build.0 = Debug|Any CPU
		{C6FD6896-C320-42DC-80D1-D43432BE04C8}.Release|Any CPU.ActiveCfg = Release|Any CPU
		{C6FD6896-C320-42DC-80D1-D43432BE04C8}.Release|Any CPU.Build.0 = Release|Any CPU
		{D16D8DFD-85AD-4A8C-B762-46074E5B9546}.Debug|Any CPU.ActiveCfg = Debug|Any CPU
		{D16D8DFD-85AD-4A8C-B762-46074E5B9546}.Debug|Any CPU.Build.0 = Debug|Any CPU
		{D16D8DFD-85AD-4A8C-B762-46074E5B9546}.Release|Any CPU.ActiveCfg = Release|Any CPU
		{D16D8DFD-85AD-4A8C-B762-46074E5B9546}.Release|Any CPU.Build.0 = Release|Any CPU
	EndGlobalSection
	GlobalSection(SolutionProperties) = preSolution
		HideSolutionNode = FALSE
	EndGlobalSection
	GlobalSection(ExtensibilityGlobals) = postSolution
		SolutionGuid = {DEC5614C-DB36-4B05-A683-D8AEEA1659E6}
	EndGlobalSection
EndGlobal
